
Microsoft Visual Studio Solution File, Format Version 12.00
# Visual Studio Version 16
VisualStudioVersion = 16.0.29503.13
MinimumVisualStudioVersion = 10.0.40219.1
Project("{9A19103F-16F7-4668-BE54-9A1E7A4F7556}") = "hostCompanion", "hostCompanion.csproj", "{5785B61C-9B0D-4E4F-9375-FD039B9FCC38}"
EndProject
Global
	GlobalSection(SolutionConfigurationPlatforms) = preSolution
		Debug|Any CPU = Debug|Any CPU
		Release|Any CPU = Release|Any CPU
	EndGlobalSection
	GlobalSection(ProjectConfigurationPlatforms) = postSolution
		{5785B61C-9B0D-4E4F-9375-FD039B9FCC38}.Debug|Any CPU.ActiveCfg = Debug|Any CPU
		{5785B61C-9B0D-4E4F-9375-FD039B9FCC38}.Debug|Any CPU.Build.0 = Debug|Any CPU
		{5785B61C-9B0D-4E4F-9375-FD039B9FCC38}.Release|Any CPU.ActiveCfg = Release|Any CPU
		{5785B61C-9B0D-4E4F-9375-FD039B9FCC38}.Release|Any CPU.Build.0 = Release|Any CPU
	EndGlobalSection
	GlobalSection(SolutionProperties) = preSolution
		HideSolutionNode = FALSE
	EndGlobalSection
	GlobalSection(ExtensibilityGlobals) = postSolution
		SolutionGuid = {67C4AC23-4F9D-4619-AED2-847450DBCCBB}
	EndGlobalSection
EndGlobal
